
Microsoft Visual Studio Solution File, Format Version 12.00
# Visual Studio Version 17
VisualStudioVersion = 17.0.31912.275
MinimumVisualStudioVersion = 10.0.40219.1
Project("{9A19103F-16F7-4668-BE54-9A1E7A4F7556}") = "01.GetStartWithWindowsApplications", "1.GetStartWithWindowsApplications\01.GetStartWithWindowsApplications.csproj", "{3484A9B8-0754-4254-9D86-58E2DC8B2EF8}"
EndProject
Project("{9A19103F-16F7-4668-BE54-9A1E7A4F7556}") = "02.GetStartWithOop", "2.GetStartWithOop\02.GetStartWithOop.csproj", "{8443B14F-2BB0-4B8F-958D-D7D9620903AA}"
EndProject
Project("{9A19103F-16F7-4668-BE54-9A1E7A4F7556}") = "03.CollectionInCSharp", "CollectionInCSharp\03.CollectionInCSharp.csproj", "{E1F87B80-578C-48F8-9E19-1A95F56E1D5A}"
EndProject
Project("{9A19103F-16F7-4668-BE54-9A1E7A4F7556}") = "03-1.CollectionExample", "3.1.CollectionExample\03-1.CollectionExample.csproj", "{8AE9978C-FCF7-4C85-A078-B86A97188D9C}"
EndProject
Project("{9A19103F-16F7-4668-BE54-9A1E7A4F7556}") = "04.PropertyInCSharp", "4.PropertyInCSharp\04.PropertyInCSharp.csproj", "{EF8C92E1-D1D8-43B1-89C5-BBE415E46126}"
EndProject
Project("{9A19103F-16F7-4668-BE54-9A1E7A4F7556}") = "05.AbstactClassInCSharp", "5.AbstactClassInCSharp\05.AbstactClassInCSharp.csproj", "{BB91B7C2-29B0-4B2F-8DBF-8DE1F5BEF381}"
EndProject
Project("{9A19103F-16F7-4668-BE54-9A1E7A4F7556}") = "06.PartialClassInCSharp", "PartialClassInCSharp\06.PartialClassInCSharp.csproj", "{35E1986A-417F-41D4-A9FB-48683702CD57}"
EndProject
Project("{9A19103F-16F7-4668-BE54-9A1E7A4F7556}") = "10.ExterntionMethodInCSharp", "10.ExterntionMethodInCSharp\10.ExterntionMethodInCSharp.csproj", "{37DAF19D-DD12-41C0-8CB5-3FEA86B3F4AF}"
EndProject
Project("{9A19103F-16F7-4668-BE54-9A1E7A4F7556}") = "11.BaseVsThisInCSharp", "BaseVsThisInCSharp\11.BaseVsThisInCSharp.csproj", "{1E91E72D-5C60-494F-AE5E-2F73F2326271}"
EndProject
Project("{9A19103F-16F7-4668-BE54-9A1E7A4F7556}") = "12.EnumInCSharp", "EnumInCSharp\12.EnumInCSharp.csproj", "{EB2843F9-CBF2-446C-9532-DCA8CFB82856}"
EndProject
Project("{9A19103F-16F7-4668-BE54-9A1E7A4F7556}") = "13.StringCompareInCSharp", "13.StringCompareInCSharp\13.StringCompareInCSharp.csproj", "{43728D8F-A0C3-4311-9885-671528B89488}"
EndProject
Project("{9A19103F-16F7-4668-BE54-9A1E7A4F7556}") = "03-2.ShowCollectionInWindowsFormApplication", "03-2.ShowCollectionInWindowsFormApplication\03-2.ShowCollectionInWindowsFormApplication.csproj", "{2574D7EB-D27D-4FEC-90C0-DC0A6037C1E7}"
EndProject
Project("{9A19103F-16F7-4668-BE54-9A1E7A4F7556}") = "03-3.ShowDataInCombo", "03-3.ShowDataInCombo\03-3.ShowDataInCombo.csproj", "{088D0310-E3A2-4C4C-8C67-3F4FA077EDED}"
EndProject
Project("{9A19103F-16F7-4668-BE54-9A1E7A4F7556}") = "14.GenericInCSharp", "14.GenericInCSharp\14.GenericInCSharp.csproj", "{F18ADD4E-B08E-473D-A84F-33B18A97AFFE}"
EndProject
Project("{9A19103F-16F7-4668-BE54-9A1E7A4F7556}") = "15.MethodOverloading", "15.MethodOverloading\15.MethodOverloading.csproj", "{6B7B6C90-0C89-4341-A147-9B7113FC8D05}"
EndProject
Project("{9A19103F-16F7-4668-BE54-9A1E7A4F7556}") = "16.WorkWithJSON", "WorkWithJSON\16.WorkWithJSON.csproj", "{F312F7BA-67DA-4DB9-876E-B3B2BD9D41FC}"
EndProject
Project("{9A19103F-16F7-4668-BE54-9A1E7A4F7556}") = "17.ConstructorInCSharp", "17.ConstructorInCSharp\17.ConstructorInCSharp.csproj", "{BE5719AC-3D8F-44F4-9B85-E622A5DA3E94}"
EndProject
Project("{9A19103F-16F7-4668-BE54-9A1E7A4F7556}") = "18.MutableAndImmutableInCSharp", "18.MutableAndImmutableInCSharp\18.MutableAndImmutableInCSharp.csproj", "{6165E44F-75D1-4BDC-9DC2-41E427DB1899}"
EndProject
Project("{9A19103F-16F7-4668-BE54-9A1E7A4F7556}") = "20.RecordInCSharp", "19.RecordInCSharp\20.RecordInCSharp.csproj", "{877EED6F-13FC-4FC1-9657-80C605C5DFBE}"
EndProject
Project("{9A19103F-16F7-4668-BE54-9A1E7A4F7556}") = "19.CreateImmutableClassInCSharp", "19.CreateImmutableClassInCSharp\19.CreateImmutableClassInCSharp.csproj", "{69921546-AF8B-4482-91E5-86B22B5AD23F}"
EndProject
Project("{9A19103F-16F7-4668-BE54-9A1E7A4F7556}") = "21.OutRefInCSharp", "21.OutRefInCSharp\21.OutRefInCSharp.csproj", "{33B273F2-E909-4356-8489-FFAFC800A329}"
EndProject
Project("{9A19103F-16F7-4668-BE54-9A1E7A4F7556}") = "22.ReadFromFileInCSharp", "22.ReadFromFileInCSharp\22.ReadFromFileInCSharp.csproj", "{96B2D107-634E-42FC-A71F-45580EF01E6C}"
EndProject
Project("{9A19103F-16F7-4668-BE54-9A1E7A4F7556}") = "23.WorkWithControls", "23.WorkWithControls\23.WorkWithControls.csproj", "{77D6335E-2237-436C-B50F-34F8C09A3630}"
EndProject
Project("{9A19103F-16F7-4668-BE54-9A1E7A4F7556}") = "27.ReadAndMapFromJsonInCSharp", "ReadAndMapFromJsonInCSharp\27.ReadAndMapFromJsonInCSharp.csproj", "{91ED7847-E317-4742-9C10-24ABF357607D}"
EndProject
Project("{9A19103F-16F7-4668-BE54-9A1E7A4F7556}") = "25.DelegateInCSharp", "25.DelegateInCSharp\25.DelegateInCSharp.csproj", "{34A333C7-17CD-4E0F-A755-61E2AA606AA3}"
EndProject
Project("{9A19103F-16F7-4668-BE54-9A1E7A4F7556}") = "26.TupleInCSharp", "26.TupleInCSharp\26.TupleInCSharp.csproj", "{BA4A0298-2E4D-458F-9D99-04CDC4317EAD}"
EndProject
Project("{9A19103F-16F7-4668-BE54-9A1E7A4F7556}") = "28.PatternMatchingInCSharp", "28.PatternMatchingInCSharp\28.PatternMatchingInCSharp.csproj", "{479F92F5-6EAE-4F63-AA80-4CBF3C9F640E}"
EndProject
Project("{9A19103F-16F7-4668-BE54-9A1E7A4F7556}") = "29.DebuggerDisplayInCSharp", "29.DebuggerDisplayInCSharp\29.DebuggerDisplayInCSharp.csproj", "{000A834D-271B-4981-AED4-7AA7DCEFF0CB}"
EndProject
Project("{9A19103F-16F7-4668-BE54-9A1E7A4F7556}") = "30.ReadFromConfigFile", "30.ReadFromConfigFile\30.ReadFromConfigFile.csproj", "{850A00A2-F5F9-43CF-BAF4-4A5044DFA9ED}"
EndProject
Project("{9A19103F-16F7-4668-BE54-9A1E7A4F7556}") = "31.CustomEventForReloading", "31.CustomEventForReloading\31.CustomEventForReloading.csproj", "{5121D122-A540-45D6-8E42-E585C5618EEB}"
EndProject
Project("{9A19103F-16F7-4668-BE54-9A1E7A4F7556}") = "25-1.FuncInCSharp", "25-1.FuncInCSharp\25-1.FuncInCSharp.csproj", "{C844075A-3A22-46A2-9C33-E05980C8D8EC}"
EndProject
Project("{9A19103F-16F7-4668-BE54-9A1E7A4F7556}") = "31.ShowDataInDataGrid", "31.ShowDataInDataGrid\31.ShowDataInDataGrid.csproj", "{365209BB-7662-42B0-BC54-F19321AFED01}"
EndProject
Project("{FAE04EC0-301F-11D3-BF4B-00C04F79EFBC}") = "32.NullHandlingInDotnet", "32.NullHandlingInDotnet\32.NullHandlingInDotnet.csproj", "{D9EA6FDE-183C-4A43-9AD8-C59881FBCFF9}"
EndProject
Global
	GlobalSection(SolutionConfigurationPlatforms) = preSolution
		Debug|Any CPU = Debug|Any CPU
		Release|Any CPU = Release|Any CPU
	EndGlobalSection
	GlobalSection(ProjectConfigurationPlatforms) = postSolution
		{3484A9B8-0754-4254-9D86-58E2DC8B2EF8}.Debug|Any CPU.ActiveCfg = Debug|Any CPU
		{3484A9B8-0754-4254-9D86-58E2DC8B2EF8}.Debug|Any CPU.Build.0 = Debug|Any CPU
		{3484A9B8-0754-4254-9D86-58E2DC8B2EF8}.Release|Any CPU.ActiveCfg = Release|Any CPU
		{3484A9B8-0754-4254-9D86-58E2DC8B2EF8}.Release|Any CPU.Build.0 = Release|Any CPU
		{8443B14F-2BB0-4B8F-958D-D7D9620903AA}.Debug|Any CPU.ActiveCfg = Debug|Any CPU
		{8443B14F-2BB0-4B8F-958D-D7D9620903AA}.Debug|Any CPU.Build.0 = Debug|Any CPU
		{8443B14F-2BB0-4B8F-958D-D7D9620903AA}.Release|Any CPU.ActiveCfg = Release|Any CPU
		{8443B14F-2BB0-4B8F-958D-D7D9620903AA}.Release|Any CPU.Build.0 = Release|Any CPU
		{E1F87B80-578C-48F8-9E19-1A95F56E1D5A}.Debug|Any CPU.ActiveCfg = Debug|Any CPU
		{E1F87B80-578C-48F8-9E19-1A95F56E1D5A}.Debug|Any CPU.Build.0 = Debug|Any CPU
		{E1F87B80-578C-48F8-9E19-1A95F56E1D5A}.Release|Any CPU.ActiveCfg = Release|Any CPU
		{E1F87B80-578C-48F8-9E19-1A95F56E1D5A}.Release|Any CPU.Build.0 = Release|Any CPU
		{8AE9978C-FCF7-4C85-A078-B86A97188D9C}.Debug|Any CPU.ActiveCfg = Debug|Any CPU
		{8AE9978C-FCF7-4C85-A078-B86A97188D9C}.Debug|Any CPU.Build.0 = Debug|Any CPU
		{8AE9978C-FCF7-4C85-A078-B86A97188D9C}.Release|Any CPU.ActiveCfg = Release|Any CPU
		{8AE9978C-FCF7-4C85-A078-B86A97188D9C}.Release|Any CPU.Build.0 = Release|Any CPU
		{EF8C92E1-D1D8-43B1-89C5-BBE415E46126}.Debug|Any CPU.ActiveCfg = Debug|Any CPU
		{EF8C92E1-D1D8-43B1-89C5-BBE415E46126}.Debug|Any CPU.Build.0 = Debug|Any CPU
		{EF8C92E1-D1D8-43B1-89C5-BBE415E46126}.Release|Any CPU.ActiveCfg = Release|Any CPU
		{EF8C92E1-D1D8-43B1-89C5-BBE415E46126}.Release|Any CPU.Build.0 = Release|Any CPU
		{BB91B7C2-29B0-4B2F-8DBF-8DE1F5BEF381}.Debug|Any CPU.ActiveCfg = Debug|Any CPU
		{BB91B7C2-29B0-4B2F-8DBF-8DE1F5BEF381}.Debug|Any CPU.Build.0 = Debug|Any CPU
		{BB91B7C2-29B0-4B2F-8DBF-8DE1F5BEF381}.Release|Any CPU.ActiveCfg = Release|Any CPU
		{BB91B7C2-29B0-4B2F-8DBF-8DE1F5BEF381}.Release|Any CPU.Build.0 = Release|Any CPU
		{35E1986A-417F-41D4-A9FB-48683702CD57}.Debug|Any CPU.ActiveCfg = Debug|Any CPU
		{35E1986A-417F-41D4-A9FB-48683702CD57}.Debug|Any CPU.Build.0 = Debug|Any CPU
		{35E1986A-417F-41D4-A9FB-48683702CD57}.Release|Any CPU.ActiveCfg = Release|Any CPU
		{35E1986A-417F-41D4-A9FB-48683702CD57}.Release|Any CPU.Build.0 = Release|Any CPU
		{37DAF19D-DD12-41C0-8CB5-3FEA86B3F4AF}.Debug|Any CPU.ActiveCfg = Debug|Any CPU
		{37DAF19D-DD12-41C0-8CB5-3FEA86B3F4AF}.Debug|Any CPU.Build.0 = Debug|Any CPU
		{37DAF19D-DD12-41C0-8CB5-3FEA86B3F4AF}.Release|Any CPU.ActiveCfg = Release|Any CPU
		{37DAF19D-DD12-41C0-8CB5-3FEA86B3F4AF}.Release|Any CPU.Build.0 = Release|Any CPU
		{1E91E72D-5C60-494F-AE5E-2F73F2326271}.Debug|Any CPU.ActiveCfg = Debug|Any CPU
		{1E91E72D-5C60-494F-AE5E-2F73F2326271}.Debug|Any CPU.Build.0 = Debug|Any CPU
		{1E91E72D-5C60-494F-AE5E-2F73F2326271}.Release|Any CPU.ActiveCfg = Release|Any CPU
		{1E91E72D-5C60-494F-AE5E-2F73F2326271}.Release|Any CPU.Build.0 = Release|Any CPU
		{EB2843F9-CBF2-446C-9532-DCA8CFB82856}.Debug|Any CPU.ActiveCfg = Debug|Any CPU
		{EB2843F9-CBF2-446C-9532-DCA8CFB82856}.Debug|Any CPU.Build.0 = Debug|Any CPU
		{EB2843F9-CBF2-446C-9532-DCA8CFB82856}.Release|Any CPU.ActiveCfg = Release|Any CPU
		{EB2843F9-CBF2-446C-9532-DCA8CFB82856}.Release|Any CPU.Build.0 = Release|Any CPU
		{43728D8F-A0C3-4311-9885-671528B89488}.Debug|Any CPU.ActiveCfg = Debug|Any CPU
		{43728D8F-A0C3-4311-9885-671528B89488}.Debug|Any CPU.Build.0 = Debug|Any CPU
		{43728D8F-A0C3-4311-9885-671528B89488}.Release|Any CPU.ActiveCfg = Release|Any CPU
		{43728D8F-A0C3-4311-9885-671528B89488}.Release|Any CPU.Build.0 = Release|Any CPU
		{2574D7EB-D27D-4FEC-90C0-DC0A6037C1E7}.Debug|Any CPU.ActiveCfg = Debug|Any CPU
		{2574D7EB-D27D-4FEC-90C0-DC0A6037C1E7}.Debug|Any CPU.Build.0 = Debug|Any CPU
		{2574D7EB-D27D-4FEC-90C0-DC0A6037C1E7}.Release|Any CPU.ActiveCfg = Release|Any CPU
		{2574D7EB-D27D-4FEC-90C0-DC0A6037C1E7}.Release|Any CPU.Build.0 = Release|Any CPU
		{088D0310-E3A2-4C4C-8C67-3F4FA077EDED}.Debug|Any CPU.ActiveCfg = Debug|Any CPU
		{088D0310-E3A2-4C4C-8C67-3F4FA077EDED}.Debug|Any CPU.Build.0 = Debug|Any CPU
		{088D0310-E3A2-4C4C-8C67-3F4FA077EDED}.Release|Any CPU.ActiveCfg = Release|Any CPU
		{088D0310-E3A2-4C4C-8C67-3F4FA077EDED}.Release|Any CPU.Build.0 = Release|Any CPU
		{F18ADD4E-B08E-473D-A84F-33B18A97AFFE}.Debug|Any CPU.ActiveCfg = Debug|Any CPU
		{F18ADD4E-B08E-473D-A84F-33B18A97AFFE}.Debug|Any CPU.Build.0 = Debug|Any CPU
		{F18ADD4E-B08E-473D-A84F-33B18A97AFFE}.Release|Any CPU.ActiveCfg = Release|Any CPU
		{F18ADD4E-B08E-473D-A84F-33B18A97AFFE}.Release|Any CPU.Build.0 = Release|Any CPU
		{6B7B6C90-0C89-4341-A147-9B7113FC8D05}.Debug|Any CPU.ActiveCfg = Debug|Any CPU
		{6B7B6C90-0C89-4341-A147-9B7113FC8D05}.Debug|Any CPU.Build.0 = Debug|Any CPU
		{6B7B6C90-0C89-4341-A147-9B7113FC8D05}.Release|Any CPU.ActiveCfg = Release|Any CPU
		{6B7B6C90-0C89-4341-A147-9B7113FC8D05}.Release|Any CPU.Build.0 = Release|Any CPU
		{F312F7BA-67DA-4DB9-876E-B3B2BD9D41FC}.Debug|Any CPU.ActiveCfg = Debug|Any CPU
		{F312F7BA-67DA-4DB9-876E-B3B2BD9D41FC}.Debug|Any CPU.Build.0 = Debug|Any CPU
		{F312F7BA-67DA-4DB9-876E-B3B2BD9D41FC}.Release|Any CPU.ActiveCfg = Release|Any CPU
		{F312F7BA-67DA-4DB9-876E-B3B2BD9D41FC}.Release|Any CPU.Build.0 = Release|Any CPU
		{BE5719AC-3D8F-44F4-9B85-E622A5DA3E94}.Debug|Any CPU.ActiveCfg = Debug|Any CPU
		{BE5719AC-3D8F-44F4-9B85-E622A5DA3E94}.Debug|Any CPU.Build.0 = Debug|Any CPU
		{BE5719AC-3D8F-44F4-9B85-E622A5DA3E94}.Release|Any CPU.ActiveCfg = Release|Any CPU
		{BE5719AC-3D8F-44F4-9B85-E622A5DA3E94}.Release|Any CPU.Build.0 = Release|Any CPU
		{6165E44F-75D1-4BDC-9DC2-41E427DB1899}.Debug|Any CPU.ActiveCfg = Debug|Any CPU
		{6165E44F-75D1-4BDC-9DC2-41E427DB1899}.Debug|Any CPU.Build.0 = Debug|Any CPU
		{6165E44F-75D1-4BDC-9DC2-41E427DB1899}.Release|Any CPU.ActiveCfg = Release|Any CPU
		{6165E44F-75D1-4BDC-9DC2-41E427DB1899}.Release|Any CPU.Build.0 = Release|Any CPU
		{877EED6F-13FC-4FC1-9657-80C605C5DFBE}.Debug|Any CPU.ActiveCfg = Debug|Any CPU
		{877EED6F-13FC-4FC1-9657-80C605C5DFBE}.Debug|Any CPU.Build.0 = Debug|Any CPU
		{877EED6F-13FC-4FC1-9657-80C605C5DFBE}.Release|Any CPU.ActiveCfg = Release|Any CPU
		{877EED6F-13FC-4FC1-9657-80C605C5DFBE}.Release|Any CPU.Build.0 = Release|Any CPU
		{69921546-AF8B-4482-91E5-86B22B5AD23F}.Debug|Any CPU.ActiveCfg = Debug|Any CPU
		{69921546-AF8B-4482-91E5-86B22B5AD23F}.Debug|Any CPU.Build.0 = Debug|Any CPU
		{69921546-AF8B-4482-91E5-86B22B5AD23F}.Release|Any CPU.ActiveCfg = Release|Any CPU
		{69921546-AF8B-4482-91E5-86B22B5AD23F}.Release|Any CPU.Build.0 = Release|Any CPU
		{33B273F2-E909-4356-8489-FFAFC800A329}.Debug|Any CPU.ActiveCfg = Debug|Any CPU
		{33B273F2-E909-4356-8489-FFAFC800A329}.Debug|Any CPU.Build.0 = Debug|Any CPU
		{33B273F2-E909-4356-8489-FFAFC800A329}.Release|Any CPU.ActiveCfg = Release|Any CPU
		{33B273F2-E909-4356-8489-FFAFC800A329}.Release|Any CPU.Build.0 = Release|Any CPU
		{96B2D107-634E-42FC-A71F-45580EF01E6C}.Debug|Any CPU.ActiveCfg = Debug|Any CPU
		{96B2D107-634E-42FC-A71F-45580EF01E6C}.Debug|Any CPU.Build.0 = Debug|Any CPU
		{96B2D107-634E-42FC-A71F-45580EF01E6C}.Release|Any CPU.ActiveCfg = Release|Any CPU
		{96B2D107-634E-42FC-A71F-45580EF01E6C}.Release|Any CPU.Build.0 = Release|Any CPU
		{77D6335E-2237-436C-B50F-34F8C09A3630}.Debug|Any CPU.ActiveCfg = Debug|Any CPU
		{77D6335E-2237-436C-B50F-34F8C09A3630}.Debug|Any CPU.Build.0 = Debug|Any CPU
		{77D6335E-2237-436C-B50F-34F8C09A3630}.Release|Any CPU.ActiveCfg = Release|Any CPU
		{77D6335E-2237-436C-B50F-34F8C09A3630}.Release|Any CPU.Build.0 = Release|Any CPU
		{91ED7847-E317-4742-9C10-24ABF357607D}.Debug|Any CPU.ActiveCfg = Debug|Any CPU
		{91ED7847-E317-4742-9C10-24ABF357607D}.Debug|Any CPU.Build.0 = Debug|Any CPU
		{91ED7847-E317-4742-9C10-24ABF357607D}.Release|Any CPU.ActiveCfg = Release|Any CPU
		{91ED7847-E317-4742-9C10-24ABF357607D}.Release|Any CPU.Build.0 = Release|Any CPU
		{34A333C7-17CD-4E0F-A755-61E2AA606AA3}.Debug|Any CPU.ActiveCfg = Debug|Any CPU
		{34A333C7-17CD-4E0F-A755-61E2AA606AA3}.Debug|Any CPU.Build.0 = Debug|Any CPU
		{34A333C7-17CD-4E0F-A755-61E2AA606AA3}.Release|Any CPU.ActiveCfg = Release|Any CPU
		{34A333C7-17CD-4E0F-A755-61E2AA606AA3}.Release|Any CPU.Build.0 = Release|Any CPU
		{BA4A0298-2E4D-458F-9D99-04CDC4317EAD}.Debug|Any CPU.ActiveCfg = Debug|Any CPU
		{BA4A0298-2E4D-458F-9D99-04CDC4317EAD}.Debug|Any CPU.Build.0 = Debug|Any CPU
		{BA4A0298-2E4D-458F-9D99-04CDC4317EAD}.Release|Any CPU.ActiveCfg = Release|Any CPU
		{BA4A0298-2E4D-458F-9D99-04CDC4317EAD}.Release|Any CPU.Build.0 = Release|Any CPU
		{479F92F5-6EAE-4F63-AA80-4CBF3C9F640E}.Debug|Any CPU.ActiveCfg = Debug|Any CPU
		{479F92F5-6EAE-4F63-AA80-4CBF3C9F640E}.Debug|Any CPU.Build.0 = Debug|Any CPU
		{479F92F5-6EAE-4F63-AA80-4CBF3C9F640E}.Release|Any CPU.ActiveCfg = Release|Any CPU
		{479F92F5-6EAE-4F63-AA80-4CBF3C9F640E}.Release|Any CPU.Build.0 = Release|Any CPU
		{000A834D-271B-4981-AED4-7AA7DCEFF0CB}.Debug|Any CPU.ActiveCfg = Debug|Any CPU
		{000A834D-271B-4981-AED4-7AA7DCEFF0CB}.Debug|Any CPU.Build.0 = Debug|Any CPU
		{000A834D-271B-4981-AED4-7AA7DCEFF0CB}.Release|Any CPU.ActiveCfg = Release|Any CPU
		{000A834D-271B-4981-AED4-7AA7DCEFF0CB}.Release|Any CPU.Build.0 = Release|Any CPU
		{850A00A2-F5F9-43CF-BAF4-4A5044DFA9ED}.Debug|Any CPU.ActiveCfg = Debug|Any CPU
		{850A00A2-F5F9-43CF-BAF4-4A5044DFA9ED}.Debug|Any CPU.Build.0 = Debug|Any CPU
		{850A00A2-F5F9-43CF-BAF4-4A5044DFA9ED}.Release|Any CPU.ActiveCfg = Release|Any CPU
		{850A00A2-F5F9-43CF-BAF4-4A5044DFA9ED}.Release|Any CPU.Build.0 = Release|Any CPU
		{5121D122-A540-45D6-8E42-E585C5618EEB}.Debug|Any CPU.ActiveCfg = Debug|Any CPU
		{5121D122-A540-45D6-8E42-E585C5618EEB}.Debug|Any CPU.Build.0 = Debug|Any CPU
		{5121D122-A540-45D6-8E42-E585C5618EEB}.Release|Any CPU.ActiveCfg = Release|Any CPU
		{5121D122-A540-45D6-8E42-E585C5618EEB}.Release|Any CPU.Build.0 = Release|Any CPU
		{C844075A-3A22-46A2-9C33-E05980C8D8EC}.Debug|Any CPU.ActiveCfg = Debug|Any CPU
		{C844075A-3A22-46A2-9C33-E05980C8D8EC}.Debug|Any CPU.Build.0 = Debug|Any CPU
		{C844075A-3A22-46A2-9C33-E05980C8D8EC}.Release|Any CPU.ActiveCfg = Release|Any CPU
		{C844075A-3A22-46A2-9C33-E05980C8D8EC}.Release|Any CPU.Build.0 = Release|Any CPU
		{365209BB-7662-42B0-BC54-F19321AFED01}.Debug|Any CPU.ActiveCfg = Debug|Any CPU
		{365209BB-7662-42B0-BC54-F19321AFED01}.Debug|Any CPU.Build.0 = Debug|Any CPU
		{365209BB-7662-42B0-BC54-F19321AFED01}.Release|Any CPU.ActiveCfg = Release|Any CPU
		{365209BB-7662-42B0-BC54-F19321AFED01}.Release|Any CPU.Build.0 = Release|Any CPU
		{D9EA6FDE-183C-4A43-9AD8-C59881FBCFF9}.Debug|Any CPU.ActiveCfg = Debug|Any CPU
		{D9EA6FDE-183C-4A43-9AD8-C59881FBCFF9}.Debug|Any CPU.Build.0 = Debug|Any CPU
		{D9EA6FDE-183C-4A43-9AD8-C59881FBCFF9}.Release|Any CPU.ActiveCfg = Release|Any CPU
		{D9EA6FDE-183C-4A43-9AD8-C59881FBCFF9}.Release|Any CPU.Build.0 = Release|Any CPU
	EndGlobalSection
	GlobalSection(SolutionProperties) = preSolution
		HideSolutionNode = FALSE
	EndGlobalSection
	GlobalSection(ExtensibilityGlobals) = postSolution
		SolutionGuid = {F1A3E2F1-B9D5-4B87-83E3-3430D1A11F84}
	EndGlobalSection
EndGlobal
